
Microsoft Visual Studio Solution File, Format Version 12.00
# Visual Studio Version 17
VisualStudioVersion = 17.0.31903.59
MinimumVisualStudioVersion = 10.0.40219.1
Project("{9A19103F-16F7-4668-BE54-9A1E7A4F7556}") = "TaskFlow.API", "TaskFlow.API\TaskFlow.API.csproj", "{102311E7-ACDF-4329-A0E9-725E30148AAA}"
EndProject
Project("{9A19103F-16F7-4668-BE54-9A1E7A4F7556}") = "TaskFlow.Service", "TaskFlow.Service\TaskFlow.Service.csproj", "{2FC464B5-95CF-456D-9C65-96654A232653}"
EndProject
Project("{9A19103F-16F7-4668-BE54-9A1E7A4F7556}") = "TaskFlow.Model", "TaskFlow.Model\TaskFlow.Model.csproj", "{48C9CFA4-2B66-4B7D-9C5D-934EDE07D383}"
EndProject
Project("{9A19103F-16F7-4668-BE54-9A1E7A4F7556}") = "TaskFlow.DAL", "TaskFlow.DAL\TaskFlow.DAL.csproj", "{CD1093AA-12FA-418B-9A09-CC221EE023EF}"
EndProject
Global
	GlobalSection(SolutionConfigurationPlatforms) = preSolution
		Debug|Any CPU = Debug|Any CPU
		Release|Any CPU = Release|Any CPU
	EndGlobalSection
	GlobalSection(ProjectConfigurationPlatforms) = postSolution
		{102311E7-ACDF-4329-A0E9-725E30148AAA}.Debug|Any CPU.ActiveCfg = Debug|Any CPU
		{102311E7-ACDF-4329-A0E9-725E30148AAA}.Debug|Any CPU.Build.0 = Debug|Any CPU
		{102311E7-ACDF-4329-A0E9-725E30148AAA}.Release|Any CPU.ActiveCfg = Release|Any CPU
		{102311E7-ACDF-4329-A0E9-725E30148AAA}.Release|Any CPU.Build.0 = Release|Any CPU
		{2FC464B5-95CF-456D-9C65-96654A232653}.Debug|Any CPU.ActiveCfg = Debug|Any CPU
		{2FC464B5-95CF-456D-9C65-96654A232653}.Debug|Any CPU.Build.0 = Debug|Any CPU
		{2FC464B5-95CF-456D-9C65-96654A232653}.Release|Any CPU.ActiveCfg = Release|Any CPU
		{2FC464B5-95CF-456D-9C65-96654A232653}.Release|Any CPU.Build.0 = Release|Any CPU
		{48C9CFA4-2B66-4B7D-9C5D-934EDE07D383}.Debug|Any CPU.ActiveCfg = Debug|Any CPU
		{48C9CFA4-2B66-4B7D-9C5D-934EDE07D383}.Debug|Any CPU.Build.0 = Debug|Any CPU
		{48C9CFA4-2B66-4B7D-9C5D-934EDE07D383}.Release|Any CPU.ActiveCfg = Release|Any CPU
		{48C9CFA4-2B66-4B7D-9C5D-934EDE07D383}.Release|Any CPU.Build.0 = Release|Any CPU
		{CD1093AA-12FA-418B-9A09-CC221EE023EF}.Debug|Any CPU.ActiveCfg = Debug|Any CPU
		{CD1093AA-12FA-418B-9A09-CC221EE023EF}.Debug|Any CPU.Build.0 = Debug|Any CPU
		{CD1093AA-12FA-418B-9A09-CC221EE023EF}.Release|Any CPU.ActiveCfg = Release|Any CPU
		{CD1093AA-12FA-418B-9A09-CC221EE023EF}.Release|Any CPU.Build.0 = Release|Any CPU
	EndGlobalSection
	GlobalSection(SolutionProperties) = preSolution
		HideSolutionNode = FALSE
	EndGlobalSection
EndGlobal
